
Microsoft Visual Studio Solution File, Format Version 12.00
# Visual Studio Version 16
VisualStudioVersion = 16.0.30523.141
MinimumVisualStudioVersion = 10.0.40219.1
Project("{FAE04EC0-301F-11D3-BF4B-00C04F79EFBC}") = "BENSIDHOM_Oussama_TP6_ST2TRD", "BENSIDHOM_Oussama_TP6_ST2TRD.csproj", "{59A93382-8A6C-4B16-92C8-E587C8D1DC3C}"
EndProject
Global
	GlobalSection(SolutionConfigurationPlatforms) = preSolution
		Debug|Any CPU = Debug|Any CPU
		Release|Any CPU = Release|Any CPU
	EndGlobalSection
	GlobalSection(ProjectConfigurationPlatforms) = postSolution
		{59A93382-8A6C-4B16-92C8-E587C8D1DC3C}.Debug|Any CPU.ActiveCfg = Debug|Any CPU
		{59A93382-8A6C-4B16-92C8-E587C8D1DC3C}.Debug|Any CPU.Build.0 = Debug|Any CPU
		{59A93382-8A6C-4B16-92C8-E587C8D1DC3C}.Release|Any CPU.ActiveCfg = Release|Any CPU
		{59A93382-8A6C-4B16-92C8-E587C8D1DC3C}.Release|Any CPU.Build.0 = Release|Any CPU
	EndGlobalSection
	GlobalSection(SolutionProperties) = preSolution
		HideSolutionNode = FALSE
	EndGlobalSection
	GlobalSection(ExtensibilityGlobals) = postSolution
		SolutionGuid = {01DCBBEC-32BB-431E-9E02-62E380148A69}
	EndGlobalSection
EndGlobal
